
Microsoft Visual Studio Solution File, Format Version 12.00
# Visual Studio Version 17
VisualStudioVersion = 17.9.34701.34
MinimumVisualStudioVersion = 10.0.40219.1
Project("{FAE04EC0-301F-11D3-BF4B-00C04F79EFBC}") = "Day03Validation", "Day03Validation.csproj", "{D3952993-CF0C-4B70-B8B8-4C6C478441B8}"
EndProject
Global
	GlobalSection(SolutionConfigurationPlatforms) = preSolution
		Debug|Any CPU = Debug|Any CPU
		Release|Any CPU = Release|Any CPU
	EndGlobalSection
	GlobalSection(ProjectConfigurationPlatforms) = postSolution
		{D3952993-CF0C-4B70-B8B8-4C6C478441B8}.Debug|Any CPU.ActiveCfg = Debug|Any CPU
		{D3952993-CF0C-4B70-B8B8-4C6C478441B8}.Debug|Any CPU.Build.0 = Debug|Any CPU
		{D3952993-CF0C-4B70-B8B8-4C6C478441B8}.Release|Any CPU.ActiveCfg = Release|Any CPU
		{D3952993-CF0C-4B70-B8B8-4C6C478441B8}.Release|Any CPU.Build.0 = Release|Any CPU
	EndGlobalSection
	GlobalSection(SolutionProperties) = preSolution
		HideSolutionNode = FALSE
	EndGlobalSection
	GlobalSection(ExtensibilityGlobals) = postSolution
		SolutionGuid = {D6C68421-6F98-46E1-91CB-9CB2265110F0}
	EndGlobalSection
EndGlobal
